PODS:
  - ATVPlayer (0.3.2)

DEPENDENCIES:
  - ATVPlayer (from `git@zensis.githost.io:vincent.chan/atvplayer-framework.git`)

EXTERNAL SOURCES:
  ATVPlayer:
    :git: git@zensis.githost.io:vincent.chan/atvplayer-framework.git

CHECKOUT OPTIONS:
  ATVPlayer:
    :commit: a942c64b7343c0515df18782bee72645d6c5f382
    :git: git@zensis.githost.io:vincent.chan/atvplayer-framework.git

SPEC CHECKSUMS:
  ATVPlayer: b5beb9e3423b7e77d7abcc425b274d0b59e37a4b

PODFILE CHECKSUM: 52f22ed6d669f7a6476da4d13ae4ad998e88c982

COCOAPODS: 1.0.1
